
Microsoft Visual Studio Solution File, Format Version 12.00
# Visual Studio Version 17
VisualStudioVersion = 17.11.35303.130
MinimumVisualStudioVersion = 10.0.40219.1
Project("{FAE04EC0-301F-11D3-BF4B-00C04F79EFBC}") = "20.14.24_Interface", "20.14.24_Interface\20.14.24_Interface.csproj", "{A2C44BA7-E929-48F8-A6D6-51B3BC327B47}"
EndProject
Global
	GlobalSection(SolutionConfigurationPlatforms) = preSolution
		Debug|Any CPU = Debug|Any CPU
		Release|Any CPU = Release|Any CPU
	EndGlobalSection
	GlobalSection(ProjectConfigurationPlatforms) = postSolution
		{A2C44BA7-E929-48F8-A6D6-51B3BC327B47}.Debug|Any CPU.ActiveCfg = Debug|Any CPU
		{A2C44BA7-E929-48F8-A6D6-51B3BC327B47}.Debug|Any CPU.Build.0 = Debug|Any CPU
		{A2C44BA7-E929-48F8-A6D6-51B3BC327B47}.Release|Any CPU.ActiveCfg = Release|Any CPU
		{A2C44BA7-E929-48F8-A6D6-51B3BC327B47}.Release|Any CPU.Build.0 = Release|Any CPU
	EndGlobalSection
	GlobalSection(SolutionProperties) = preSolution
		HideSolutionNode = FALSE
	EndGlobalSection
	GlobalSection(ExtensibilityGlobals) = postSolution
		SolutionGuid = {CD4C76CE-DEEA-4733-B651-F14C196E9198}
	EndGlobalSection
EndGlobal
